// !$*UTF8*$!
{
	archiveVersion = 1;
	classes = {
	};
	objectVersion = 56;
	objects = {

/* Begin PBXBuildFile section */
		F63C625D2D0E13B30088B9E4 /* CreditCart_Input_FormApp.swift in Sources */ = {isa = PBXBuildFile; fileRef = F63C625C2D0E13B30088B9E4 /* CreditCart_Input_FormApp.swift */; };
		F63C625F2D0E13B30088B9E4 /* ContentView.swift in Sources */ = {isa = PBXBuildFile; fileRef = F63C625E2D0E13B30088B9E4 /* ContentView.swift */; };
		F63C62612D0E13B50088B9E4 /* Assets.xcassets in Resources */ = {isa = PBXBuildFile; fileRef = F63C62602D0E13B50088B9E4 /* Assets.xcassets */; };
		F63C62642D0E13B50088B9E4 /* Preview Assets.xcassets in Resources */ = {isa = PBXBuildFile; fileRef = F63C62632D0E13B50088B9E4 /* Preview Assets.xcassets */; };
		F63C626B2D0E140D0088B9E4 /* CardModel.swift in Sources */ = {isa = PBXBuildFile; fileRef = F63C626A2D0E140D0088B9E4 /* CardModel.swift */; };
		F63C626D2D0E147C0088B9E4 /* CustomComponents.swift in Sources */ = {isa = PBXBuildFile; fileRef = F63C626C2D0E147C0088B9E4 /* CustomComponents.swift */; };
		F63C626F2D0E19270088B9E4 /* Extensions.swift in Sources */ = {isa = PBXBuildFile; fileRef = F63C626E2D0E19270088B9E4 /* Extensions.swift */; };
		F64BEFD02D0E5D4E00AC5C94 /* FlipTransition.swift in Sources */ = {isa = PBXBuildFile; fileRef = F64BEFCF2D0E5D4E00AC5C94 /* FlipTransition.swift */; };
/* End PBXBuildFile section */

/* Begin PBXFileReference section */
		F63C62592D0E13B30088B9E4 /* CreditCart Input Form.app */ = {isa = PBXFileReference; explicitFileType = wrapper.application; includeInIndex = 0; path = "CreditCart Input Form.app"; sourceTree = BUILT_PRODUCTS_DIR; };
		F63C625C2D0E13B30088B9E4 /* CreditCart_Input_FormApp.swift */ = {isa = PBXFileReference; lastKnownFileType = sourcecode.swift; path = CreditCart_Input_FormApp.swift; sourceTree = "<group>"; };
		F63C625E2D0E13B30088B9E4 /* ContentView.swift */ = {isa = PBXFileReference; lastKnownFileType = sourcecode.swift; path = ContentView.swift; sourceTree = "<group>"; };
		F63C62602D0E13B50088B9E4 /* Assets.xcassets */ = {isa = PBXFileReference; lastKnownFileType = folder.assetcatalog; path = Assets.xcassets; sourceTree = "<group>"; };
		F63C62632D0E13B50088B9E4 /* Preview Assets.xcassets */ = {isa = PBXFileReference; lastKnownFileType = folder.assetcatalog; path = "Preview Assets.xcassets"; sourceTree = "<group>"; };
		F63C626A2D0E140D0088B9E4 /* CardModel.swift */ = {isa = PBXFileReference; lastKnownFileType = sourcecode.swift; path = CardModel.swift; sourceTree = "<group>"; };
		F63C626C2D0E147C0088B9E4 /* CustomComponents.swift */ = {isa = PBXFileReference; lastKnownFileType = sourcecode.swift; path = CustomComponents.swift; sourceTree = "<group>"; };
		F63C626E2D0E19270088B9E4 /* Extensions.swift */ = {isa = PBXFileReference; lastKnownFileType = sourcecode.swift; path = Extensions.swift; sourceTree = "<group>"; };
		F64BEFCF2D0E5D4E00AC5C94 /* FlipTransition.swift */ = {isa = PBXFileReference; lastKnownFileType = sourcecode.swift; path = FlipTransition.swift; sourceTree = "<group>"; };
/* End PBXFileReference section */

/* Begin PBXFrameworksBuildPhase section */
		F63C62562D0E13B30088B9E4 /* Frameworks */ = {
			isa = PBXFrameworksBuildPhase;
			buildActionMask = 2147483647;
			files = (
			);
			runOnlyForDeploymentPostprocessing = 0;
		};
/* End PBXFrameworksBuildPhase section */

/* Begin PBXGroup section */
		F63C62502D0E13B30088B9E4 = {
			isa = PBXGroup;
			children = (
				F63C625B2D0E13B30088B9E4 /* CreditCart Input Form */,
				F63C625A2D0E13B30088B9E4 /* Products */,
			);
			sourceTree = "<group>";
		};
		F63C625A2D0E13B30088B9E4 /* Products */ = {
			isa = PBXGroup;
			children = (
				F63C62592D0E13B30088B9E4 /* CreditCart Input Form.app */,
			);
			name = Products;
			sourceTree = "<group>";
		};
		F63C625B2D0E13B30088B9E4 /* CreditCart Input Form */ = {
			isa = PBXGroup;
			children = (
				F6BD9F192D0F75DB008B920C /* Helpers */,
				F6BD9F172D0F75A8008B920C /* App */,
				F6BD9F182D0F75BC008B920C /* Resources */,
				F6BD9F162D0F758F008B920C /* Extension */,
				F6BD9F142D0F7574008B920C /* Model */,
				F6BD9F152D0F757E008B920C /* View */,
			);
			path = "CreditCart Input Form";
			sourceTree = "<group>";
		};
		F63C62622D0E13B50088B9E4 /* Preview Content */ = {
			isa = PBXGroup;
			children = (
				F63C62632D0E13B50088B9E4 /* Preview Assets.xcassets */,
			);
			path = "Preview Content";
			sourceTree = "<group>";
		};
		F6BD9F142D0F7574008B920C /* Model */ = {
			isa = PBXGroup;
			children = (
				F63C626A2D0E140D0088B9E4 /* CardModel.swift */,
			);
			path = Model;
			sourceTree = "<group>";
		};
		F6BD9F152D0F757E008B920C /* View */ = {
			isa = PBXGroup;
			children = (
				F63C625E2D0E13B30088B9E4 /* ContentView.swift */,
			);
			path = View;
			sourceTree = "<group>";
		};
		F6BD9F162D0F758F008B920C /* Extension */ = {
			isa = PBXGroup;
			children = (
				F63C626E2D0E19270088B9E4 /* Extensions.swift */,
			);
			path = Extension;
			sourceTree = "<group>";
		};
		F6BD9F172D0F75A8008B920C /* App */ = {
			isa = PBXGroup;
			children = (
				F63C625C2D0E13B30088B9E4 /* CreditCart_Input_FormApp.swift */,
				F63C62622D0E13B50088B9E4 /* Preview Content */,
			);
			path = App;
			sourceTree = "<group>";
		};
		F6BD9F182D0F75BC008B920C /* Resources */ = {
			isa = PBXGroup;
			children = (
				F63C62602D0E13B50088B9E4 /* Assets.xcassets */,
			);
			path = Resources;
			sourceTree = "<group>";
		};
		F6BD9F192D0F75DB008B920C /* Helpers */ = {
			isa = PBXGroup;
			children = (
				F63C626C2D0E147C0088B9E4 /* CustomComponents.swift */,
				F64BEFCF2D0E5D4E00AC5C94 /* FlipTransition.swift */,
			);
			path = Helpers;
			sourceTree = "<group>";
		};
/* End PBXGroup section */

/* Begin PBXNativeTarget section */
		F63C62582D0E13B30088B9E4 /* CreditCart Input Form */ = {
			isa = PBXNativeTarget;
			buildConfigurationList = F63C62672D0E13B50088B9E4 /* Build configuration list for PBXNativeTarget "CreditCart Input Form" */;
			buildPhases = (
				F63C62552D0E13B30088B9E4 /* Sources */,
				F63C62562D0E13B30088B9E4 /* Frameworks */,
				F63C62572D0E13B30088B9E4 /* Resources */,
			);
			buildRules = (
			);
			dependencies = (
			);
			name = "CreditCart Input Form";
			productName = "CreditCart Input Form";
			productReference = F63C62592D0E13B30088B9E4 /* CreditCart Input Form.app */;
			productType = "com.apple.product-type.application";
		};
/* End PBXNativeTarget section */

/* Begin PBXProject section */
		F63C62512D0E13B30088B9E4 /* Project object */ = {
			isa = PBXProject;
			attributes = {
				BuildIndependentTargetsInParallel = 1;
				LastSwiftUpdateCheck = 1540;
				LastUpgradeCheck = 1540;
				TargetAttributes = {
					F63C62582D0E13B30088B9E4 = {
						CreatedOnToolsVersion = 15.4;
					};
				};
			};
			buildConfigurationList = F63C62542D0E13B30088B9E4 /* Build configuration list for PBXProject "CreditCart Input Form" */;
			compatibilityVersion = "Xcode 14.0";
			developmentRegion = en;
			hasScannedForEncodings = 0;
			knownRegions = (
				en,
				Base,
			);
			mainGroup = F63C62502D0E13B30088B9E4;
			productRefGroup = F63C625A2D0E13B30088B9E4 /* Products */;
			projectDirPath = "";
			projectRoot = "";
			targets = (
				F63C62582D0E13B30088B9E4 /* CreditCart Input Form */,
			);
		};
/* End PBXProject section */

/* Begin PBXResourcesBuildPhase section */
		F63C62572D0E13B30088B9E4 /* Resources */ = {
			isa = PBXResourcesBuildPhase;
			buildActionMask = 2147483647;
			files = (
				F63C62642D0E13B50088B9E4 /* Preview Assets.xcassets in Resources */,
				F63C62612D0E13B50088B9E4 /* Assets.xcassets in Resources */,
			);
			runOnlyForDeploymentPostprocessing = 0;
		};
/* End PBXResourcesBuildPhase section */

/* Begin PBXSourcesBuildPhase section */
		F63C62552D0E13B30088B9E4 /* Sources */ = {
			isa = PBXSourcesBuildPhase;
			buildActionMask = 2147483647;
			files = (
				F63C626F2D0E19270088B9E4 /* Extensions.swift in Sources */,
				F63C625F2D0E13B30088B9E4 /* ContentView.swift in Sources */,
				F63C625D2D0E13B30088B9E4 /* CreditCart_Input_FormApp.swift in Sources */,
				F64BEFD02D0E5D4E00AC5C94 /* FlipTransition.swift in Sources */,
				F63C626B2D0E140D0088B9E4 /* CardModel.swift in Sources */,
				F63C626D2D0E147C0088B9E4 /* CustomComponents.swift in Sources */,
			);
			runOnlyForDeploymentPostprocessing = 0;
		};
/* End PBXSourcesBuildPhase section */

/* Begin XCBuildConfiguration section */
		F63C62652D0E13B50088B9E4 /* Debug */ = {
			isa = XCBuildConfiguration;
			buildSettings = {
				ALWAYS_SEARCH_USER_PATHS = NO;
				ASSETCATALOG_COMPILER_GENERATE_SWIFT_ASSET_SYMBOL_EXTENSIONS = YES;
				CLANG_ANALYZER_NONNULL = YES;
				CLANG_ANALYZER_NUMBER_OBJECT_CONVERSION = YES_AGGRESSIVE;
				CLANG_CXX_LANGUAGE_STANDARD = "gnu++20";
				CLANG_ENABLE_MODULES = YES;
				CLANG_ENABLE_OBJC_ARC = YES;
				CLANG_ENABLE_OBJC_WEAK = YES;
				CLANG_WARN_BLOCK_CAPTURE_AUTORELEASING = YES;
				CLANG_WARN_BOOL_CONVERSION = YES;
				CLANG_WARN_COMMA = YES;
				CLANG_WARN_CONSTANT_CONVERSION = YES;
				CLANG_WARN_DEPRECATED_OBJC_IMPLEMENTATIONS = YES;
				CLANG_WARN_DIRECT_OBJC_ISA_USAGE = YES_ERROR;
				CLANG_WARN_DOCUMENTATION_COMMENTS = YES;
				CLANG_WARN_EMPTY_BODY = YES;
				CLANG_WARN_ENUM_CONVERSION = YES;
				CLANG_WARN_INFINITE_RECURSION = YES;
				CLANG_WARN_INT_CONVERSION = YES;
				CLANG_WARN_NON_LITERAL_NULL_CONVERSION = YES;
				CLANG_WARN_OBJC_IMPLICIT_RETAIN_SELF = YES;
				CLANG_WARN_OBJC_LITERAL_CONVERSION = YES;
				CLANG_WARN_OBJC_ROOT_CLASS = YES_ERROR;
				CLANG_WARN_QUOTED_INCLUDE_IN_FRAMEWORK_HEADER = YES;
				CLANG_WARN_RANGE_LOOP_ANALYSIS = YES;
				CLANG_WARN_STRICT_PROTOTYPES = YES;
				CLANG_WARN_SUSPICIOUS_MOVE = YES;
				CLANG_WARN_UNGUARDED_AVAILABILITY = YES_AGGRESSIVE;
				CLANG_WARN_UNREACHABLE_CODE = YES;
				CLANG_WARN__DUPLICATE_METHOD_MATCH = YES;
				COPY_PHASE_STRIP = NO;
				DEBUG_INFORMATION_FORMAT = dwarf;
				ENABLE_STRICT_OBJC_MSGSEND = YES;
				ENABLE_TESTABILITY = YES;
				ENABLE_USER_SCRIPT_SANDBOXING = YES;
				GCC_C_LANGUAGE_STANDARD = gnu17;
				GCC_DYNAMIC_NO_PIC = NO;
				GCC_NO_COMMON_BLOCKS = YES;
				GCC_OPTIMIZATION_LEVEL = 0;
				GCC_PREPROCESSOR_DEFINITIONS = (
					"DEBUG=1",
					"$(inherited)",
				);
				GCC_WARN_64_TO_32_BIT_CONVERSION = YES;
				GCC_WARN_ABOUT_RETURN_TYPE = YES_ERROR;
				GCC_WARN_UNDECLARED_SELECTOR = YES;
				GCC_WARN_UNINITIALIZED_AUTOS = YES_AGGRESSIVE;
				GCC_WARN_UNUSED_FUNCTION = YES;
				GCC_WARN_UNUSED_VARIABLE = YES;
				IPHONEOS_DEPLOYMENT_TARGET = 17.5;
				LOCALIZATION_PREFERS_STRING_CATALOGS = YES;
				MTL_ENABLE_DEBUG_INFO = INCLUDE_SOURCE;
				MTL_FAST_MATH = YES;
				ONLY_ACTIVE_ARCH = YES;
				SDKROOT = iphoneos;
				SWIFT_ACTIVE_COMPILATION_CONDITIONS = "DEBUG $(inherited)";
				SWIFT_OPTIMIZATION_LEVEL = "-Onone";
			};
			name = Debug;
		};
		F63C62662D0E13B50088B9E4 /* Release */ = {
			isa = XCBuildConfiguration;
			buildSettings = {
				ALWAYS_SEARCH_USER_PATHS = NO;
				ASSETCATALOG_COMPILER_GENERATE_SWIFT_ASSET_SYMBOL_EXTENSIONS = YES;
				CLANG_ANALYZER_NONNULL = YES;
				CLANG_ANALYZER_NUMBER_OBJECT_CONVERSION = YES_AGGRESSIVE;
				CLANG_CXX_LANGUAGE_STANDARD = "gnu++20";
				CLANG_ENABLE_MODULES = YES;
				CLANG_ENABLE_OBJC_ARC = YES;
				CLANG_ENABLE_OBJC_WEAK = YES;
				CLANG_WARN_BLOCK_CAPTURE_AUTORELEASING = YES;
				CLANG_WARN_BOOL_CONVERSION = YES;
				CLANG_WARN_COMMA = YES;
				CLANG_WARN_CONSTANT_CONVERSION = YES;
				CLANG_WARN_DEPRECATED_OBJC_IMPLEMENTATIONS = YES;
				CLANG_WARN_DIRECT_OBJC_ISA_USAGE = YES_ERROR;
				CLANG_WARN_DOCUMENTATION_COMMENTS = YES;
				CLANG_WARN_EMPTY_BODY = YES;
				CLANG_WARN_ENUM_CONVERSION = YES;
				CLANG_WARN_INFINITE_RECURSION = YES;
				CLANG_WARN_INT_CONVERSION = YES;
				CLANG_WARN_NON_LITERAL_NULL_CONVERSION = YES;
				CLANG_WARN_OBJC_IMPLICIT_RETAIN_SELF = YES;
				CLANG_WARN_OBJC_LITERAL_CONVERSION = YES;
				CLANG_WARN_OBJC_ROOT_CLASS = YES_ERROR;
				CLANG_WARN_QUOTED_INCLUDE_IN_FRAMEWORK_HEADER = YES;
				CLANG_WARN_RANGE_LOOP_ANALYSIS = YES;
				CLANG_WARN_STRICT_PROTOTYPES = YES;
				CLANG_WARN_SUSPICIOUS_MOVE = YES;
				CLANG_WARN_UNGUARDED_AVAILABILITY = YES_AGGRESSIVE;
				CLANG_WARN_UNREACHABLE_CODE = YES;
				CLANG_WARN__DUPLICATE_METHOD_MATCH = YES;
				COPY_PHASE_STRIP = NO;
				DEBUG_INFORMATION_FORMAT = "dwarf-with-dsym";
				ENABLE_NS_ASSERTIONS = NO;
				ENABLE_STRICT_OBJC_MSGSEND = YES;
				ENABLE_USER_SCRIPT_SANDBOXING = YES;
				GCC_C_LANGUAGE_STANDARD = gnu17;
				GCC_NO_COMMON_BLOCKS = YES;
				GCC_WARN_64_TO_32_BIT_CONVERSION = YES;
				GCC_WARN_ABOUT_RETURN_TYPE = YES_ERROR;
				GCC_WARN_UNDECLARED_SELECTOR = YES;
				GCC_WARN_UNINITIALIZED_AUTOS = YES_AGGRESSIVE;
				GCC_WARN_UNUSED_FUNCTION = YES;
				GCC_WARN_UNUSED_VARIABLE = YES;
				IPHONEOS_DEPLOYMENT_TARGET = 17.5;
				LOCALIZATION_PREFERS_STRING_CATALOGS = YES;
				MTL_ENABLE_DEBUG_INFO = NO;
				MTL_FAST_MATH = YES;
				SDKROOT = iphoneos;
				SWIFT_COMPILATION_MODE = wholemodule;
				VALIDATE_PRODUCT = YES;
			};
			name = Release;
		};
		F63C62682D0E13B50088B9E4 /* Debug */ = {
			isa = XCBuildConfiguration;
			buildSettings = {
				ASSETCATALOG_COMPILER_APPICON_NAME = AppIcon;
				ASSETCATALOG_COMPILER_GLOBAL_ACCENT_COLOR_NAME = AccentColor;
				CODE_SIGN_STYLE = Automatic;
				CURRENT_PROJECT_VERSION = 1;
				DEVELOPMENT_ASSET_PATHS = "\"CreditCart Input Form/Preview Content\"";
				DEVELOPMENT_TEAM = FJ7F33948Q;
				ENABLE_PREVIEWS = YES;
				GENERATE_INFOPLIST_FILE = YES;
				INFOPLIST_KEY_UIApplicationSceneManifest_Generation = YES;
				INFOPLIST_KEY_UIApplicationSupportsIndirectInputEvents = YES;
				INFOPLIST_KEY_UILaunchScreen_Generation = YES;
				INFOPLIST_KEY_UISupportedInterfaceOrientations_iPad = "UIInterfaceOrientationPortrait UIInterfaceOrientationPortraitUpsideDown UIInterfaceOrientationLandscapeLeft UIInterfaceOrientationLandscapeRight";
				INFOPLIST_KEY_UISupportedInterfaceOrientations_iPhone = "UIInterfaceOrientationPortrait UIInterfaceOrientationLandscapeLeft UIInterfaceOrientationLandscapeRight";
				IPHONEOS_DEPLOYMENT_TARGET = 18.0;
				LD_RUNPATH_SEARCH_PATHS = (
					"$(inherited)",
					"@executable_path/Frameworks",
				);
				MARKETING_VERSION = 1.0;
				PRODUCT_BUNDLE_IDENTIFIER = "com.turalbabayev.CreditCart-Input-Form";
				PRODUCT_NAME = "$(TARGET_NAME)";
				SWIFT_EMIT_LOC_STRINGS = YES;
				SWIFT_VERSION = 5.0;
				TARGETED_DEVICE_FAMILY = "1,2";
			};
			name = Debug;
		};
		F63C62692D0E13B50088B9E4 /* Release */ = {
			isa = XCBuildConfiguration;
			buildSettings = {
				ASSETCATALOG_COMPILER_APPICON_NAME = AppIcon;
				ASSETCATALOG_COMPILER_GLOBAL_ACCENT_COLOR_NAME = AccentColor;
				CODE_SIGN_STYLE = Automatic;
				CURRENT_PROJECT_VERSION = 1;
				DEVELOPMENT_ASSET_PATHS = "\"CreditCart Input Form/Preview Content\"";
				DEVELOPMENT_TEAM = FJ7F33948Q;
				ENABLE_PREVIEWS = YES;
				GENERATE_INFOPLIST_FILE = YES;
				INFOPLIST_KEY_UIApplicationSceneManifest_Generation = YES;
				INFOPLIST_KEY_UIApplicationSupportsIndirectInputEvents = YES;
				INFOPLIST_KEY_UILaunchScreen_Generation = YES;
				INFOPLIST_KEY_UISupportedInterfaceOrientations_iPad = "UIInterfaceOrientationPortrait UIInterfaceOrientationPortraitUpsideDown UIInterfaceOrientationLandscapeLeft UIInterfaceOrientationLandscapeRight";
				INFOPLIST_KEY_UISupportedInterfaceOrientations_iPhone = "UIInterfaceOrientationPortrait UIInterfaceOrientationLandscapeLeft UIInterfaceOrientationLandscapeRight";
				IPHONEOS_DEPLOYMENT_TARGET = 18.0;
				LD_RUNPATH_SEARCH_PATHS = (
					"$(inherited)",
					"@executable_path/Frameworks",
				);
				MARKETING_VERSION = 1.0;
				PRODUCT_BUNDLE_IDENTIFIER = "com.turalbabayev.CreditCart-Input-Form";
				PRODUCT_NAME = "$(TARGET_NAME)";
				SWIFT_EMIT_LOC_STRINGS = YES;
				SWIFT_VERSION = 5.0;
				TARGETED_DEVICE_FAMILY = "1,2";
			};
			name = Release;
		};
/* End XCBuildConfiguration section */

/* Begin XCConfigurationList section */
		F63C62542D0E13B30088B9E4 /* Build configuration list for PBXProject "CreditCart Input Form" */ = {
			isa = XCConfigurationList;
			buildConfigurations = (
				F63C62652D0E13B50088B9E4 /* Debug */,
				F63C62662D0E13B50088B9E4 /* Release */,
			);
			defaultConfigurationIsVisible = 0;
			defaultConfigurationName = Release;
		};
		F63C62672D0E13B50088B9E4 /* Build configuration list for PBXNativeTarget "CreditCart Input Form" */ = {
			isa = XCConfigurationList;
			buildConfigurations = (
				F63C62682D0E13B50088B9E4 /* Debug */,
				F63C62692D0E13B50088B9E4 /* Release */,
			);
			defaultConfigurationIsVisible = 0;
			defaultConfigurationName = Release;
		};
/* End XCConfigurationList section */
	};
	rootObject = F63C62512D0E13B30088B9E4 /* Project object */;
}
